{
  "name": "demo",
  "version": "1.0.0",
  "lockfileVersion": 1,
  "requires": true,
  "dependencies": {
    "@reuzun/tabpanel-webcomponent": {
      "version": "3.2.2",
      "resolved": "https://registry.npmjs.org/@reuzun/tabpanel-webcomponent/-/tabpanel-webcomponent-3.2.2.tgz",
      "integrity": "sha512-9l3RxAQ6V/SyUb790D1zENHBe/IxVn82wqKtQpDTSJ4Sj+JyxW1Iyjj47rZuMsZPl576n5Uhh/3v7BdChXwz/A=="
    }
  }
}
