{
  "name": "demo",
  "version": "1.0.0",
  "lockfileVersion": 1,
  "requires": true,
  "dependencies": {
    "@reuzun/tabpanel-webcomponent": {
      "version": "3.2.3",
      "resolved": "https://registry.npmjs.org/@reuzun/tabpanel-webcomponent/-/tabpanel-webcomponent-3.2.3.tgz",
      "integrity": "sha512-3r84jXE9KW/ZvzDTr/FFYPegiGpKCWiMG6xNiE9QO2QgJHurlkuFwqcDsokGS15otN4Wl0/u/dd6IkluGJfPLg=="
    }
  }
}
