{
  "name": "demo",
  "version": "1.0.0",
  "lockfileVersion": 2,
  "requires": true,
  "packages": {
    "": {
      "name": "demo",
      "version": "1.0.0",
      "license": "ISC",
      "dependencies": {
        "@reuzun/tabpanel-webcomponent": "latest"
      }
    },
    "node_modules/@reuzun/tabpanel-webcomponent": {
      "version": "3.2.4",
      "resolved": "https://registry.npmjs.org/@reuzun/tabpanel-webcomponent/-/tabpanel-webcomponent-3.2.4.tgz",
      "integrity": "sha512-QyrnUB0vN9WZfV68tsJfmMEr6/I3s+B1b32MVUZGqxyapE/gJW/obLBM65uMinqGc4UI8eu1qp5mTOSPdh5q3Q=="
    }
  },
  "dependencies": {
    "@reuzun/tabpanel-webcomponent": {
      "version": "3.2.4",
      "resolved": "https://registry.npmjs.org/@reuzun/tabpanel-webcomponent/-/tabpanel-webcomponent-3.2.4.tgz",
      "integrity": "sha512-QyrnUB0vN9WZfV68tsJfmMEr6/I3s+B1b32MVUZGqxyapE/gJW/obLBM65uMinqGc4UI8eu1qp5mTOSPdh5q3Q=="
    }
  }
}
